
Microsoft Visual Studio Solution File, Format Version 12.00
# Visual Studio Version 17
VisualStudioVersion = 17.5.33414.496
MinimumVisualStudioVersion = 10.0.40219.1
Project("{FAE04EC0-301F-11D3-BF4B-00C04F79EFBC}") = "EntityLayer", "EntityLayer\EntityLayer.csproj", "{C0A9DB35-162C-468C-AEB5-F62C38521172}"
EndProject
Project("{FAE04EC0-301F-11D3-BF4B-00C04F79EFBC}") = "DataLayer", "DataLayer\DataLayer.csproj", "{81800A20-417B-42CA-9F12-851939DB6EEE}"
EndProject
Project("{FAE04EC0-301F-11D3-BF4B-00C04F79EFBC}") = "BusinessLayer", "BusinessLayer\BusinessLayer.csproj", "{98B389B8-E6B0-4443-92BF-C3CDDF77A381}"
EndProject
Project("{FAE04EC0-301F-11D3-BF4B-00C04F79EFBC}") = "WuıLayer", "WuıLayer\WuıLayer.csproj", "{18A42311-723B-4CE8-AB24-03277F084F0E}"
EndProject
Global
	GlobalSection(SolutionConfigurationPlatforms) = preSolution
		Debug|Any CPU = Debug|Any CPU
		Release|Any CPU = Release|Any CPU
	EndGlobalSection
	GlobalSection(ProjectConfigurationPlatforms) = postSolution
		{C0A9DB35-162C-468C-AEB5-F62C38521172}.Debug|Any CPU.ActiveCfg = Debug|Any CPU
		{C0A9DB35-162C-468C-AEB5-F62C38521172}.Debug|Any CPU.Build.0 = Debug|Any CPU
		{C0A9DB35-162C-468C-AEB5-F62C38521172}.Release|Any CPU.ActiveCfg = Release|Any CPU
		{C0A9DB35-162C-468C-AEB5-F62C38521172}.Release|Any CPU.Build.0 = Release|Any CPU
		{81800A20-417B-42CA-9F12-851939DB6EEE}.Debug|Any CPU.ActiveCfg = Debug|Any CPU
		{81800A20-417B-42CA-9F12-851939DB6EEE}.Debug|Any CPU.Build.0 = Debug|Any CPU
		{81800A20-417B-42CA-9F12-851939DB6EEE}.Release|Any CPU.ActiveCfg = Release|Any CPU
		{81800A20-417B-42CA-9F12-851939DB6EEE}.Release|Any CPU.Build.0 = Release|Any CPU
		{98B389B8-E6B0-4443-92BF-C3CDDF77A381}.Debug|Any CPU.ActiveCfg = Debug|Any CPU
		{98B389B8-E6B0-4443-92BF-C3CDDF77A381}.Debug|Any CPU.Build.0 = Debug|Any CPU
		{98B389B8-E6B0-4443-92BF-C3CDDF77A381}.Release|Any CPU.ActiveCfg = Release|Any CPU
		{98B389B8-E6B0-4443-92BF-C3CDDF77A381}.Release|Any CPU.Build.0 = Release|Any CPU
		{18A42311-723B-4CE8-AB24-03277F084F0E}.Debug|Any CPU.ActiveCfg = Debug|Any CPU
		{18A42311-723B-4CE8-AB24-03277F084F0E}.Debug|Any CPU.Build.0 = Debug|Any CPU
		{18A42311-723B-4CE8-AB24-03277F084F0E}.Release|Any CPU.ActiveCfg = Release|Any CPU
		{18A42311-723B-4CE8-AB24-03277F084F0E}.Release|Any CPU.Build.0 = Release|Any CPU
	EndGlobalSection
	GlobalSection(SolutionProperties) = preSolution
		HideSolutionNode = FALSE
	EndGlobalSection
	GlobalSection(ExtensibilityGlobals) = postSolution
		SolutionGuid = {AFB302BC-FD03-4FB1-8D6B-8410D03184A9}
	EndGlobalSection
EndGlobal
